
Microsoft Visual Studio Solution File, Format Version 12.00
# Visual Studio Version 16
VisualStudioVersion = 16.0.31729.503
MinimumVisualStudioVersion = 10.0.40219.1
Project("{FAE04EC0-301F-11D3-BF4B-00C04F79EFBC}") = "Son Ders", "Son Ders\Son Ders.csproj", "{938F241D-92B1-40FD-B38C-C836CFAAFE48}"
EndProject
Project("{FAE04EC0-301F-11D3-BF4B-00C04F79EFBC}") = "StringDateTimeMath8523", "StringDateTime8523\StringDateTimeMath8523.csproj", "{93A9C77F-D55A-4C60-AB26-8F4209FE3C93}"
EndProject
Global
	GlobalSection(SolutionConfigurationPlatforms) = preSolution
		Debug|Any CPU = Debug|Any CPU
		Release|Any CPU = Release|Any CPU
	EndGlobalSection
	GlobalSection(ProjectConfigurationPlatforms) = postSolution
		{938F241D-92B1-40FD-B38C-C836CFAAFE48}.Debug|Any CPU.ActiveCfg = Debug|Any CPU
		{938F241D-92B1-40FD-B38C-C836CFAAFE48}.Debug|Any CPU.Build.0 = Debug|Any CPU
		{938F241D-92B1-40FD-B38C-C836CFAAFE48}.Release|Any CPU.ActiveCfg = Release|Any CPU
		{938F241D-92B1-40FD-B38C-C836CFAAFE48}.Release|Any CPU.Build.0 = Release|Any CPU
		{93A9C77F-D55A-4C60-AB26-8F4209FE3C93}.Debug|Any CPU.ActiveCfg = Debug|Any CPU
		{93A9C77F-D55A-4C60-AB26-8F4209FE3C93}.Debug|Any CPU.Build.0 = Debug|Any CPU
		{93A9C77F-D55A-4C60-AB26-8F4209FE3C93}.Release|Any CPU.ActiveCfg = Release|Any CPU
		{93A9C77F-D55A-4C60-AB26-8F4209FE3C93}.Release|Any CPU.Build.0 = Release|Any CPU
	EndGlobalSection
	GlobalSection(SolutionProperties) = preSolution
		HideSolutionNode = FALSE
	EndGlobalSection
	GlobalSection(ExtensibilityGlobals) = postSolution
		SolutionGuid = {49FCF1C3-0009-4F29-9408-780E15900748}
	EndGlobalSection
EndGlobal
